
Microsoft Visual Studio Solution File, Format Version 12.00
# Visual Studio 15
VisualStudioVersion = 15.0.28307.421
MinimumVisualStudioVersion = 10.0.40219.1
Project("{9A19103F-16F7-4668-BE54-9A1E7A4F7556}") = "PhoenixService.ScheduleApi", "PhoenixService.ScheduleApi\PhoenixService.ScheduleApi.csproj", "{3AB0D36C-3575-4EBE-99FA-57742760A53A}"
EndProject
Project("{2150E333-8FDC-42A3-9474-1A3956D46DE8}") = "Domain", "Domain", "{E7DA8B89-1BC7-4A53-815D-8DD3F9A15FB4}"
EndProject
Project("{2150E333-8FDC-42A3-9474-1A3956D46DE8}") = "Application", "Application", "{A3395139-BFE6-42C1-870E-BF4C3EB096F5}"
EndProject
Project("{9A19103F-16F7-4668-BE54-9A1E7A4F7556}") = "PhoenixService.ScheduleApp", "PhoenixService.ScheduleApp\PhoenixService.ScheduleApp.csproj", "{CE883F68-22ED-4161-88B0-770DD154F49A}"
EndProject
Project("{2150E333-8FDC-42A3-9474-1A3956D46DE8}") = "Infrastructure", "Infrastructure", "{56D9B3DE-4E8B-4299-BA6B-3CC8141EA5C7}"
EndProject
Project("{FAE04EC0-301F-11D3-BF4B-00C04F79EFBC}") = "PhoenixService.ApiInfrastructure", "PhoenixService.ApiInfrastructure\PhoenixService.ApiInfrastructure.csproj", "{A0385C9D-843F-40AE-993E-A6ADE0772D4D}"
EndProject
Global
	GlobalSection(SolutionConfigurationPlatforms) = preSolution
		Debug|Any CPU = Debug|Any CPU
		Release|Any CPU = Release|Any CPU
	EndGlobalSection
	GlobalSection(ProjectConfigurationPlatforms) = postSolution
		{3AB0D36C-3575-4EBE-99FA-57742760A53A}.Debug|Any CPU.ActiveCfg = Debug|Any CPU
		{3AB0D36C-3575-4EBE-99FA-57742760A53A}.Debug|Any CPU.Build.0 = Debug|Any CPU
		{3AB0D36C-3575-4EBE-99FA-57742760A53A}.Release|Any CPU.ActiveCfg = Release|Any CPU
		{3AB0D36C-3575-4EBE-99FA-57742760A53A}.Release|Any CPU.Build.0 = Release|Any CPU
		{CE883F68-22ED-4161-88B0-770DD154F49A}.Debug|Any CPU.ActiveCfg = Debug|Any CPU
		{CE883F68-22ED-4161-88B0-770DD154F49A}.Debug|Any CPU.Build.0 = Debug|Any CPU
		{CE883F68-22ED-4161-88B0-770DD154F49A}.Release|Any CPU.ActiveCfg = Release|Any CPU
		{CE883F68-22ED-4161-88B0-770DD154F49A}.Release|Any CPU.Build.0 = Release|Any CPU
		{A0385C9D-843F-40AE-993E-A6ADE0772D4D}.Debug|Any CPU.ActiveCfg = Debug|Any CPU
		{A0385C9D-843F-40AE-993E-A6ADE0772D4D}.Debug|Any CPU.Build.0 = Debug|Any CPU
		{A0385C9D-843F-40AE-993E-A6ADE0772D4D}.Release|Any CPU.ActiveCfg = Release|Any CPU
		{A0385C9D-843F-40AE-993E-A6ADE0772D4D}.Release|Any CPU.Build.0 = Release|Any CPU
	EndGlobalSection
	GlobalSection(SolutionProperties) = preSolution
		HideSolutionNode = FALSE
	EndGlobalSection
	GlobalSection(NestedProjects) = preSolution
		{3AB0D36C-3575-4EBE-99FA-57742760A53A} = {56D9B3DE-4E8B-4299-BA6B-3CC8141EA5C7}
		{CE883F68-22ED-4161-88B0-770DD154F49A} = {A3395139-BFE6-42C1-870E-BF4C3EB096F5}
		{A0385C9D-843F-40AE-993E-A6ADE0772D4D} = {56D9B3DE-4E8B-4299-BA6B-3CC8141EA5C7}
	EndGlobalSection
	GlobalSection(ExtensibilityGlobals) = postSolution
		SolutionGuid = {9CADF5F0-7352-4670-9669-9F6A01C4850C}
	EndGlobalSection
EndGlobal
