
Microsoft Visual Studio Solution File, Format Version 12.00
# Visual Studio 15
VisualStudioVersion = 15.0.28307.421
MinimumVisualStudioVersion = 10.0.40219.1
Project("{FAE04EC0-301F-11D3-BF4B-00C04F79EFBC}") = "PhoenixService.ScheduleApi", "PhoenixService.ScheduleApi\PhoenixService.ScheduleApi.csproj", "{3AB0D36C-3575-4EBE-99FA-57742760A53A}"
EndProject
Global
	GlobalSection(SolutionConfigurationPlatforms) = preSolution
		Debug|Any CPU = Debug|Any CPU
		Release|Any CPU = Release|Any CPU
	EndGlobalSection
	GlobalSection(ProjectConfigurationPlatforms) = postSolution
		{3AB0D36C-3575-4EBE-99FA-57742760A53A}.Debug|Any CPU.ActiveCfg = Debug|Any CPU
		{3AB0D36C-3575-4EBE-99FA-57742760A53A}.Debug|Any CPU.Build.0 = Debug|Any CPU
		{3AB0D36C-3575-4EBE-99FA-57742760A53A}.Release|Any CPU.ActiveCfg = Release|Any CPU
		{3AB0D36C-3575-4EBE-99FA-57742760A53A}.Release|Any CPU.Build.0 = Release|Any CPU
	EndGlobalSection
	GlobalSection(SolutionProperties) = preSolution
		HideSolutionNode = FALSE
	EndGlobalSection
	GlobalSection(ExtensibilityGlobals) = postSolution
		SolutionGuid = {9CADF5F0-7352-4670-9669-9F6A01C4850C}
	EndGlobalSection
EndGlobal
